// !$*UTF8*$!
{
	archiveVersion = 1;
	classes = {
	};
	objectVersion = 50;
	objects = {

/* Begin PBXBuildFile section */
		593181DE25DF51990046BB9A /* MapApiViewController.swift in Sources */ = {isa = PBXBuildFile; fileRef = 593181DD25DF51990046BB9A /* MapApiViewController.swift */; };
		594273872558DFDD00B26C8F /* TwoDimeContents.swift in Sources */ = {isa = PBXBuildFile; fileRef = 594273862558DFDD00B26C8F /* TwoDimeContents.swift */; };
		596403B6248DFF4200D66DB5 /* AppDelegate.swift in Sources */ = {isa = PBXBuildFile; fileRef = 596403B5248DFF4200D66DB5 /* AppDelegate.swift */; };
		596403BA248DFF4200D66DB5 /* ARViewController.swift in Sources */ = {isa = PBXBuildFile; fileRef = 596403B9248DFF4200D66DB5 /* ARViewController.swift */; };
		596403BD248DFF4200D66DB5 /* Main.storyboard in Resources */ = {isa = PBXBuildFile; fileRef = 596403BB248DFF4200D66DB5 /* Main.storyboard */; };
		596403BF248DFF4300D66DB5 /* Assets.xcassets in Resources */ = {isa = PBXBuildFile; fileRef = 596403BE248DFF4300D66DB5 /* Assets.xcassets */; };
		596403C2248DFF4300D66DB5 /* LaunchScreen.storyboard in Resources */ = {isa = PBXBuildFile; fileRef = 596403C0248DFF4300D66DB5 /* LaunchScreen.storyboard */; };
		598A3E75256E53390064A00D /* SceneKitAsset.scnassets in Resources */ = {isa = PBXBuildFile; fileRef = 598A3E74256E53390064A00D /* SceneKitAsset.scnassets */; };
		59FCBDAD25E3AD820013FD74 /* UIColor+Extension.swift in Sources */ = {isa = PBXBuildFile; fileRef = 59FCBDAC25E3AD820013FD74 /* UIColor+Extension.swift */; };
/* End PBXBuildFile section */

/* Begin PBXFileReference section */
		593181DD25DF51990046BB9A /* MapApiViewController.swift */ = {isa = PBXFileReference; lastKnownFileType = sourcecode.swift; path = MapApiViewController.swift; sourceTree = "<group>"; };
		594273862558DFDD00B26C8F /* TwoDimeContents.swift */ = {isa = PBXFileReference; lastKnownFileType = sourcecode.swift; path = TwoDimeContents.swift; sourceTree = "<group>"; };
		596403B2248DFF4200D66DB5 /* IM_App.app */ = {isa = PBXFileReference; explicitFileType = wrapper.application; includeInIndex = 0; path = IM_App.app; sourceTree = BUILT_PRODUCTS_DIR; };
		596403B5248DFF4200D66DB5 /* AppDelegate.swift */ = {isa = PBXFileReference; lastKnownFileType = sourcecode.swift; path = AppDelegate.swift; sourceTree = "<group>"; };
		596403B9248DFF4200D66DB5 /* ARViewController.swift */ = {isa = PBXFileReference; lastKnownFileType = sourcecode.swift; path = ARViewController.swift; sourceTree = "<group>"; };
		596403BC248DFF4200D66DB5 /* Base */ = {isa = PBXFileReference; lastKnownFileType = file.storyboard; name = Base; path = Base.lproj/Main.storyboard; sourceTree = "<group>"; };
		596403BE248DFF4300D66DB5 /* Assets.xcassets */ = {isa = PBXFileReference; lastKnownFileType = folder.assetcatalog; path = Assets.xcassets; sourceTree = "<group>"; };
		596403C1248DFF4300D66DB5 /* Base */ = {isa = PBXFileReference; lastKnownFileType = file.storyboard; name = Base; path = Base.lproj/LaunchScreen.storyboard; sourceTree = "<group>"; };
		596403C3248DFF4300D66DB5 /* Info.plist */ = {isa = PBXFileReference; lastKnownFileType = text.plist.xml; path = Info.plist; sourceTree = "<group>"; };
		598A3E74256E53390064A00D /* SceneKitAsset.scnassets */ = {isa = PBXFileReference; lastKnownFileType = wrapper.scnassets; path = SceneKitAsset.scnassets; sourceTree = "<group>"; };
		59FCBDAC25E3AD820013FD74 /* UIColor+Extension.swift */ = {isa = PBXFileReference; fileEncoding = 4; lastKnownFileType = sourcecode.swift; path = "UIColor+Extension.swift"; sourceTree = "<group>"; };
/* End PBXFileReference section */

/* Begin PBXFrameworksBuildPhase section */
		596403AF248DFF4200D66DB5 /* Frameworks */ = {
			isa = PBXFrameworksBuildPhase;
			buildActionMask = 2147483647;
			files = (
			);
			runOnlyForDeploymentPostprocessing = 0;
		};
/* End PBXFrameworksBuildPhase section */

/* Begin PBXGroup section */
		596403A9248DFF4200D66DB5 = {
			isa = PBXGroup;
			children = (
				596403B4248DFF4200D66DB5 /* IM_App */,
				596403B3248DFF4200D66DB5 /* Products */,
				599FED8E24ADD6B600A12D55 /* Frameworks */,
			);
			sourceTree = "<group>";
		};
		596403B3248DFF4200D66DB5 /* Products */ = {
			isa = PBXGroup;
			children = (
				596403B2248DFF4200D66DB5 /* IM_App.app */,
			);
			name = Products;
			sourceTree = "<group>";
		};
		596403B4248DFF4200D66DB5 /* IM_App */ = {
			isa = PBXGroup;
			children = (
				59FCBDAB25E3AD680013FD74 /* Extension */,
				596403B5248DFF4200D66DB5 /* AppDelegate.swift */,
				596403B9248DFF4200D66DB5 /* ARViewController.swift */,
				593181DD25DF51990046BB9A /* MapApiViewController.swift */,
				594273862558DFDD00B26C8F /* TwoDimeContents.swift */,
				596403BB248DFF4200D66DB5 /* Main.storyboard */,
				596403BE248DFF4300D66DB5 /* Assets.xcassets */,
				598A3E74256E53390064A00D /* SceneKitAsset.scnassets */,
				596403C0248DFF4300D66DB5 /* LaunchScreen.storyboard */,
				596403C3248DFF4300D66DB5 /* Info.plist */,
			);
			path = IM_App;
			sourceTree = "<group>";
		};
		599FED8E24ADD6B600A12D55 /* Frameworks */ = {
			isa = PBXGroup;
			children = (
			);
			name = Frameworks;
			sourceTree = "<group>";
		};
		59FCBDAB25E3AD680013FD74 /* Extension */ = {
			isa = PBXGroup;
			children = (
				59FCBDAC25E3AD820013FD74 /* UIColor+Extension.swift */,
			);
			path = Extension;
			sourceTree = "<group>";
		};
/* End PBXGroup section */

/* Begin PBXNativeTarget section */
		596403B1248DFF4200D66DB5 /* IM_App */ = {
			isa = PBXNativeTarget;
			buildConfigurationList = 596403C6248DFF4300D66DB5 /* Build configuration list for PBXNativeTarget "IM_App" */;
			buildPhases = (
				596403AE248DFF4200D66DB5 /* Sources */,
				596403AF248DFF4200D66DB5 /* Frameworks */,
				596403B0248DFF4200D66DB5 /* Resources */,
			);
			buildRules = (
			);
			dependencies = (
			);
			name = IM_App;
			productName = IM_App;
			productReference = 596403B2248DFF4200D66DB5 /* IM_App.app */;
			productType = "com.apple.product-type.application";
		};
/* End PBXNativeTarget section */

/* Begin PBXProject section */
		596403AA248DFF4200D66DB5 /* Project object */ = {
			isa = PBXProject;
			attributes = {
				LastSwiftUpdateCheck = 1150;
				LastUpgradeCheck = 1150;
				ORGANIZATIONNAME = Dabeeo;
				TargetAttributes = {
					596403B1248DFF4200D66DB5 = {
						CreatedOnToolsVersion = 11.5;
					};
				};
			};
			buildConfigurationList = 596403AD248DFF4200D66DB5 /* Build configuration list for PBXProject "IM_App" */;
			compatibilityVersion = "Xcode 9.3";
			developmentRegion = en;
			hasScannedForEncodings = 0;
			knownRegions = (
				en,
				Base,
			);
			mainGroup = 596403A9248DFF4200D66DB5;
			productRefGroup = 596403B3248DFF4200D66DB5 /* Products */;
			projectDirPath = "";
			projectRoot = "";
			targets = (
				596403B1248DFF4200D66DB5 /* IM_App */,
			);
		};
/* End PBXProject section */

/* Begin PBXResourcesBuildPhase section */
		596403B0248DFF4200D66DB5 /* Resources */ = {
			isa = PBXResourcesBuildPhase;
			buildActionMask = 2147483647;
			files = (
				596403C2248DFF4300D66DB5 /* LaunchScreen.storyboard in Resources */,
				596403BF248DFF4300D66DB5 /* Assets.xcassets in Resources */,
				598A3E75256E53390064A00D /* SceneKitAsset.scnassets in Resources */,
				596403BD248DFF4200D66DB5 /* Main.storyboard in Resources */,
			);
			runOnlyForDeploymentPostprocessing = 0;
		};
/* End PBXResourcesBuildPhase section */

/* Begin PBXSourcesBuildPhase section */
		596403AE248DFF4200D66DB5 /* Sources */ = {
			isa = PBXSourcesBuildPhase;
			buildActionMask = 2147483647;
			files = (
				593181DE25DF51990046BB9A /* MapApiViewController.swift in Sources */,
				596403BA248DFF4200D66DB5 /* ARViewController.swift in Sources */,
				596403B6248DFF4200D66DB5 /* AppDelegate.swift in Sources */,
				594273872558DFDD00B26C8F /* TwoDimeContents.swift in Sources */,
				59FCBDAD25E3AD820013FD74 /* UIColor+Extension.swift in Sources */,
			);
			runOnlyForDeploymentPostprocessing = 0;
		};
/* End PBXSourcesBuildPhase section */

/* Begin PBXVariantGroup section */
		596403BB248DFF4200D66DB5 /* Main.storyboard */ = {
			isa = PBXVariantGroup;
			children = (
				596403BC248DFF4200D66DB5 /* Base */,
			);
			name = Main.storyboard;
			sourceTree = "<group>";
		};
		596403C0248DFF4300D66DB5 /* LaunchScreen.storyboard */ = {
			isa = PBXVariantGroup;
			children = (
				596403C1248DFF4300D66DB5 /* Base */,
			);
			name = LaunchScreen.storyboard;
			sourceTree = "<group>";
		};
/* End PBXVariantGroup section */

/* Begin XCBuildConfiguration section */
		596403C4248DFF4300D66DB5 /* Debug */ = {
			isa = XCBuildConfiguration;
			buildSettings = {
				ALWAYS_SEARCH_USER_PATHS = NO;
				CLANG_ANALYZER_NONNULL = YES;
				CLANG_ANALYZER_NUMBER_OBJECT_CONVERSION = YES_AGGRESSIVE;
				CLANG_CXX_LANGUAGE_STANDARD = "gnu++14";
				CLANG_CXX_LIBRARY = "libc++";
				CLANG_ENABLE_MODULES = YES;
				CLANG_ENABLE_OBJC_ARC = YES;
				CLANG_ENABLE_OBJC_WEAK = YES;
				CLANG_WARN_BLOCK_CAPTURE_AUTORELEASING = YES;
				CLANG_WARN_BOOL_CONVERSION = YES;
				CLANG_WARN_COMMA = YES;
				CLANG_WARN_CONSTANT_CONVERSION = YES;
				CLANG_WARN_DEPRECATED_OBJC_IMPLEMENTATIONS = YES;
				CLANG_WARN_DIRECT_OBJC_ISA_USAGE = YES_ERROR;
				CLANG_WARN_DOCUMENTATION_COMMENTS = YES;
				CLANG_WARN_EMPTY_BODY = YES;
				CLANG_WARN_ENUM_CONVERSION = YES;
				CLANG_WARN_INFINITE_RECURSION = YES;
				CLANG_WARN_INT_CONVERSION = YES;
				CLANG_WARN_NON_LITERAL_NULL_CONVERSION = YES;
				CLANG_WARN_OBJC_IMPLICIT_RETAIN_SELF = YES;
				CLANG_WARN_OBJC_LITERAL_CONVERSION = YES;
				CLANG_WARN_OBJC_ROOT_CLASS = YES_ERROR;
				CLANG_WARN_RANGE_LOOP_ANALYSIS = YES;
				CLANG_WARN_STRICT_PROTOTYPES = YES;
				CLANG_WARN_SUSPICIOUS_MOVE = YES;
				CLANG_WARN_UNGUARDED_AVAILABILITY = YES_AGGRESSIVE;
				CLANG_WARN_UNREACHABLE_CODE = YES;
				CLANG_WARN__DUPLICATE_METHOD_MATCH = YES;
				COPY_PHASE_STRIP = NO;
				DEBUG_INFORMATION_FORMAT = dwarf;
				ENABLE_STRICT_OBJC_MSGSEND = YES;
				ENABLE_TESTABILITY = YES;
				GCC_C_LANGUAGE_STANDARD = gnu11;
				GCC_DYNAMIC_NO_PIC = NO;
				GCC_NO_COMMON_BLOCKS = YES;
				GCC_OPTIMIZATION_LEVEL = 0;
				GCC_PREPROCESSOR_DEFINITIONS = (
					"DEBUG=1",
					"$(inherited)",
				);
				GCC_WARN_64_TO_32_BIT_CONVERSION = YES;
				GCC_WARN_ABOUT_RETURN_TYPE = YES_ERROR;
				GCC_WARN_UNDECLARED_SELECTOR = YES;
				GCC_WARN_UNINITIALIZED_AUTOS = YES_AGGRESSIVE;
				GCC_WARN_UNUSED_FUNCTION = YES;
				GCC_WARN_UNUSED_VARIABLE = YES;
				IPHONEOS_DEPLOYMENT_TARGET = 11.0;
				MTL_ENABLE_DEBUG_INFO = INCLUDE_SOURCE;
				MTL_FAST_MATH = YES;
				ONLY_ACTIVE_ARCH = YES;
				SDKROOT = iphoneos;
				SWIFT_ACTIVE_COMPILATION_CONDITIONS = DEBUG;
				SWIFT_OPTIMIZATION_LEVEL = "-Onone";
			};
			name = Debug;
		};
		596403C5248DFF4300D66DB5 /* Release */ = {
			isa = XCBuildConfiguration;
			buildSettings = {
				ALWAYS_SEARCH_USER_PATHS = NO;
				CLANG_ANALYZER_NONNULL = YES;
				CLANG_ANALYZER_NUMBER_OBJECT_CONVERSION = YES_AGGRESSIVE;
				CLANG_CXX_LANGUAGE_STANDARD = "gnu++14";
				CLANG_CXX_LIBRARY = "libc++";
				CLANG_ENABLE_MODULES = YES;
				CLANG_ENABLE_OBJC_ARC = YES;
				CLANG_ENABLE_OBJC_WEAK = YES;
				CLANG_WARN_BLOCK_CAPTURE_AUTORELEASING = YES;
				CLANG_WARN_BOOL_CONVERSION = YES;
				CLANG_WARN_COMMA = YES;
				CLANG_WARN_CONSTANT_CONVERSION = YES;
				CLANG_WARN_DEPRECATED_OBJC_IMPLEMENTATIONS = YES;
				CLANG_WARN_DIRECT_OBJC_ISA_USAGE = YES_ERROR;
				CLANG_WARN_DOCUMENTATION_COMMENTS = YES;
				CLANG_WARN_EMPTY_BODY = YES;
				CLANG_WARN_ENUM_CONVERSION = YES;
				CLANG_WARN_INFINITE_RECURSION = YES;
				CLANG_WARN_INT_CONVERSION = YES;
				CLANG_WARN_NON_LITERAL_NULL_CONVERSION = YES;
				CLANG_WARN_OBJC_IMPLICIT_RETAIN_SELF = YES;
				CLANG_WARN_OBJC_LITERAL_CONVERSION = YES;
				CLANG_WARN_OBJC_ROOT_CLASS = YES_ERROR;
				CLANG_WARN_RANGE_LOOP_ANALYSIS = YES;
				CLANG_WARN_STRICT_PROTOTYPES = YES;
				CLANG_WARN_SUSPICIOUS_MOVE = YES;
				CLANG_WARN_UNGUARDED_AVAILABILITY = YES_AGGRESSIVE;
				CLANG_WARN_UNREACHABLE_CODE = YES;
				CLANG_WARN__DUPLICATE_METHOD_MATCH = YES;
				COPY_PHASE_STRIP = NO;
				DEBUG_INFORMATION_FORMAT = "dwarf-with-dsym";
				ENABLE_NS_ASSERTIONS = NO;
				ENABLE_STRICT_OBJC_MSGSEND = YES;
				GCC_C_LANGUAGE_STANDARD = gnu11;
				GCC_NO_COMMON_BLOCKS = YES;
				GCC_WARN_64_TO_32_BIT_CONVERSION = YES;
				GCC_WARN_ABOUT_RETURN_TYPE = YES_ERROR;
				GCC_WARN_UNDECLARED_SELECTOR = YES;
				GCC_WARN_UNINITIALIZED_AUTOS = YES_AGGRESSIVE;
				GCC_WARN_UNUSED_FUNCTION = YES;
				GCC_WARN_UNUSED_VARIABLE = YES;
				IPHONEOS_DEPLOYMENT_TARGET = 11.0;
				MTL_ENABLE_DEBUG_INFO = NO;
				MTL_FAST_MATH = YES;
				SDKROOT = iphoneos;
				SWIFT_COMPILATION_MODE = wholemodule;
				SWIFT_OPTIMIZATION_LEVEL = "-O";
				VALIDATE_PRODUCT = YES;
			};
			name = Release;
		};
		596403C7248DFF4300D66DB5 /* Debug */ = {
			isa = XCBuildConfiguration;
			buildSettings = {
				ASSETCATALOG_COMPILER_APPICON_NAME = AppIcon;
				CODE_SIGN_IDENTITY = "Apple Development";
				CODE_SIGN_STYLE = Automatic;
				DEVELOPMENT_TEAM = BL82WR7C68;
				FRAMEWORK_SEARCH_PATHS = (
					"$(inherited)",
					"$(PROJECT_DIR)",
				);
				INFOPLIST_FILE = IM_App/Info.plist;
				IPHONEOS_DEPLOYMENT_TARGET = 13.0;
				LD_RUNPATH_SEARCH_PATHS = (
					"$(inherited)",
					"@executable_path/Frameworks",
				);
				MARKETING_VERSION = 1.00.00;
				PRODUCT_BUNDLE_IDENTIFIER = com.dabeeo.tfl;
				PRODUCT_NAME = "$(TARGET_NAME)";
				PROVISIONING_PROFILE_SPECIFIER = "";
				SWIFT_VERSION = 5.0;
				TARGETED_DEVICE_FAMILY = 1;
			};
			name = Debug;
		};
		596403C8248DFF4300D66DB5 /* Release */ = {
			isa = XCBuildConfiguration;
			buildSettings = {
				ASSETCATALOG_COMPILER_APPICON_NAME = AppIcon;
				CODE_SIGN_IDENTITY = "Apple Development";
				CODE_SIGN_STYLE = Automatic;
				DEVELOPMENT_TEAM = BL82WR7C68;
				FRAMEWORK_SEARCH_PATHS = (
					"$(inherited)",
					"$(PROJECT_DIR)",
				);
				INFOPLIST_FILE = IM_App/Info.plist;
				IPHONEOS_DEPLOYMENT_TARGET = 13.0;
				LD_RUNPATH_SEARCH_PATHS = (
					"$(inherited)",
					"@executable_path/Frameworks",
				);
				MARKETING_VERSION = 1.00.00;
				PRODUCT_BUNDLE_IDENTIFIER = com.dabeeo.tfl;
				PRODUCT_NAME = "$(TARGET_NAME)";
				PROVISIONING_PROFILE_SPECIFIER = "";
				SWIFT_VERSION = 5.0;
				TARGETED_DEVICE_FAMILY = 1;
			};
			name = Release;
		};
/* End XCBuildConfiguration section */

/* Begin XCConfigurationList section */
		596403AD248DFF4200D66DB5 /* Build configuration list for PBXProject "IM_App" */ = {
			isa = XCConfigurationList;
			buildConfigurations = (
				596403C4248DFF4300D66DB5 /* Debug */,
				596403C5248DFF4300D66DB5 /* Release */,
			);
			defaultConfigurationIsVisible = 0;
			defaultConfigurationName = Release;
		};
		596403C6248DFF4300D66DB5 /* Build configuration list for PBXNativeTarget "IM_App" */ = {
			isa = XCConfigurationList;
			buildConfigurations = (
				596403C7248DFF4300D66DB5 /* Debug */,
				596403C8248DFF4300D66DB5 /* Release */,
			);
			defaultConfigurationIsVisible = 0;
			defaultConfigurationName = Release;
		};
/* End XCConfigurationList section */
	};
	rootObject = 596403AA248DFF4200D66DB5 /* Project object */;
}
